
Microsoft Visual Studio Solution File, Format Version 12.00
# Visual Studio 15
VisualStudioVersion = 15.0.28307.705
MinimumVisualStudioVersion = 10.0.40219.1
Project("{FAE04EC0-301F-11D3-BF4B-00C04F79EFBC}") = "LucidDream_ManagedContractManagerSystem_VS2010x64", "LucidDream_ManagedContractManagerSystem_VS2010x64.csproj", "{97B91FC6-FECA-1BAD-B5C9-75B5B2F28B37}"
EndProject
Global
	GlobalSection(SolutionConfigurationPlatforms) = preSolution
		Debug|x64 = Debug|x64
		Debug|x86 = Debug|x86
		Release|x64 = Release|x64
		Release|x86 = Release|x86
	EndGlobalSection
	GlobalSection(ProjectConfigurationPlatforms) = postSolution
		{97B91FC6-FECA-1BAD-B5C9-75B5B2F28B37}.Debug|x64.ActiveCfg = Debug|x64
		{97B91FC6-FECA-1BAD-B5C9-75B5B2F28B37}.Debug|x64.Build.0 = Debug|x64
		{97B91FC6-FECA-1BAD-B5C9-75B5B2F28B37}.Debug|x86.ActiveCfg = Debug|x86
		{97B91FC6-FECA-1BAD-B5C9-75B5B2F28B37}.Debug|x86.Build.0 = Debug|x86
		{97B91FC6-FECA-1BAD-B5C9-75B5B2F28B37}.Release|x64.ActiveCfg = Release|x64
		{97B91FC6-FECA-1BAD-B5C9-75B5B2F28B37}.Release|x64.Build.0 = Release|x64
		{97B91FC6-FECA-1BAD-B5C9-75B5B2F28B37}.Release|x86.ActiveCfg = Release|x86
		{97B91FC6-FECA-1BAD-B5C9-75B5B2F28B37}.Release|x86.Build.0 = Release|x86
	EndGlobalSection
	GlobalSection(SolutionProperties) = preSolution
		HideSolutionNode = FALSE
	EndGlobalSection
	GlobalSection(ExtensibilityGlobals) = postSolution
		SolutionGuid = {EE0A4BA5-20AA-4076-B34D-9233F3D4F888}
	EndGlobalSection
EndGlobal
