
Microsoft Visual Studio Solution File, Format Version 12.00
# Visual Studio 15
VisualStudioVersion = 15.0.28307.757
MinimumVisualStudioVersion = 10.0.40219.1
Project("{9A19103F-16F7-4668-BE54-9A1E7A4F7556}") = "lucidDBManager", "lucidDBManager\lucidDBManager.csproj", "{1EB3DC8D-40E4-450B-9611-D64C0733AF61}"
EndProject
Project("{FAE04EC0-301F-11D3-BF4B-00C04F79EFBC}") = "LucidDream_BTD_Microservice", "LucidDream_BDT_Microservice\LucidDream_BTD_Microservice.csproj", "{EE62E651-55EB-4E74-941F-54469473C93E}"
EndProject
Project("{FAE04EC0-301F-11D3-BF4B-00C04F79EFBC}") = "LucidDream_TMA_Microservice", "LucidDream_TMA_Microservice\LucidDream_TMA_Microservice.csproj", "{97B91FC6-FECA-1BAD-B5C9-75B5B2F28B37}"
EndProject
Project("{FAE04EC0-301F-11D3-BF4B-00C04F79EFBC}") = "LucidDream_OwnBoat_Microservice", "LucidDream_OwnBoat_Microservice\LucidDream_OwnBoat_Microservice.csproj", "{7DFEF7D9-E8FC-4A91-AA18-CC2DEEC9AA85}"
EndProject
Global
	GlobalSection(SolutionConfigurationPlatforms) = preSolution
		Debug|Any CPU = Debug|Any CPU
		Debug|x64 = Debug|x64
		Debug|x86 = Debug|x86
		Release|Any CPU = Release|Any CPU
		Release|x64 = Release|x64
		Release|x86 = Release|x86
	EndGlobalSection
	GlobalSection(ProjectConfigurationPlatforms) = postSolution
		{1EB3DC8D-40E4-450B-9611-D64C0733AF61}.Debug|Any CPU.ActiveCfg = Debug|Any CPU
		{1EB3DC8D-40E4-450B-9611-D64C0733AF61}.Debug|Any CPU.Build.0 = Debug|Any CPU
		{1EB3DC8D-40E4-450B-9611-D64C0733AF61}.Debug|x64.ActiveCfg = Debug|Any CPU
		{1EB3DC8D-40E4-450B-9611-D64C0733AF61}.Debug|x64.Build.0 = Debug|Any CPU
		{1EB3DC8D-40E4-450B-9611-D64C0733AF61}.Debug|x86.ActiveCfg = Debug|Any CPU
		{1EB3DC8D-40E4-450B-9611-D64C0733AF61}.Debug|x86.Build.0 = Debug|Any CPU
		{1EB3DC8D-40E4-450B-9611-D64C0733AF61}.Release|Any CPU.ActiveCfg = Release|Any CPU
		{1EB3DC8D-40E4-450B-9611-D64C0733AF61}.Release|Any CPU.Build.0 = Release|Any CPU
		{1EB3DC8D-40E4-450B-9611-D64C0733AF61}.Release|x64.ActiveCfg = Release|Any CPU
		{1EB3DC8D-40E4-450B-9611-D64C0733AF61}.Release|x64.Build.0 = Release|Any CPU
		{1EB3DC8D-40E4-450B-9611-D64C0733AF61}.Release|x86.ActiveCfg = Release|Any CPU
		{1EB3DC8D-40E4-450B-9611-D64C0733AF61}.Release|x86.Build.0 = Release|Any CPU
		{EE62E651-55EB-4E74-941F-54469473C93E}.Debug|Any CPU.ActiveCfg = Debug|x86
		{EE62E651-55EB-4E74-941F-54469473C93E}.Debug|x64.ActiveCfg = Debug|x64
		{EE62E651-55EB-4E74-941F-54469473C93E}.Debug|x64.Build.0 = Debug|x64
		{EE62E651-55EB-4E74-941F-54469473C93E}.Debug|x86.ActiveCfg = Debug|x86
		{EE62E651-55EB-4E74-941F-54469473C93E}.Debug|x86.Build.0 = Debug|x86
		{EE62E651-55EB-4E74-941F-54469473C93E}.Release|Any CPU.ActiveCfg = Release|x86
		{EE62E651-55EB-4E74-941F-54469473C93E}.Release|x64.ActiveCfg = Release|x64
		{EE62E651-55EB-4E74-941F-54469473C93E}.Release|x64.Build.0 = Release|x64
		{EE62E651-55EB-4E74-941F-54469473C93E}.Release|x86.ActiveCfg = Release|x86
		{EE62E651-55EB-4E74-941F-54469473C93E}.Release|x86.Build.0 = Release|x86
		{97B91FC6-FECA-1BAD-B5C9-75B5B2F28B37}.Debug|Any CPU.ActiveCfg = Debug|x86
		{97B91FC6-FECA-1BAD-B5C9-75B5B2F28B37}.Debug|x64.ActiveCfg = Debug|x64
		{97B91FC6-FECA-1BAD-B5C9-75B5B2F28B37}.Debug|x64.Build.0 = Debug|x64
		{97B91FC6-FECA-1BAD-B5C9-75B5B2F28B37}.Debug|x86.ActiveCfg = Debug|x86
		{97B91FC6-FECA-1BAD-B5C9-75B5B2F28B37}.Debug|x86.Build.0 = Debug|x86
		{97B91FC6-FECA-1BAD-B5C9-75B5B2F28B37}.Release|Any CPU.ActiveCfg = Release|x86
		{97B91FC6-FECA-1BAD-B5C9-75B5B2F28B37}.Release|x64.ActiveCfg = Release|x64
		{97B91FC6-FECA-1BAD-B5C9-75B5B2F28B37}.Release|x64.Build.0 = Release|x64
		{97B91FC6-FECA-1BAD-B5C9-75B5B2F28B37}.Release|x86.ActiveCfg = Release|x86
		{97B91FC6-FECA-1BAD-B5C9-75B5B2F28B37}.Release|x86.Build.0 = Release|x86
		{7DFEF7D9-E8FC-4A91-AA18-CC2DEEC9AA85}.Debug|Any CPU.ActiveCfg = Debug|x86
		{7DFEF7D9-E8FC-4A91-AA18-CC2DEEC9AA85}.Debug|x64.ActiveCfg = Debug|x64
		{7DFEF7D9-E8FC-4A91-AA18-CC2DEEC9AA85}.Debug|x64.Build.0 = Debug|x64
		{7DFEF7D9-E8FC-4A91-AA18-CC2DEEC9AA85}.Debug|x86.ActiveCfg = Debug|x86
		{7DFEF7D9-E8FC-4A91-AA18-CC2DEEC9AA85}.Debug|x86.Build.0 = Debug|x86
		{7DFEF7D9-E8FC-4A91-AA18-CC2DEEC9AA85}.Release|Any CPU.ActiveCfg = Release|x86
		{7DFEF7D9-E8FC-4A91-AA18-CC2DEEC9AA85}.Release|x64.ActiveCfg = Release|x64
		{7DFEF7D9-E8FC-4A91-AA18-CC2DEEC9AA85}.Release|x64.Build.0 = Release|x64
		{7DFEF7D9-E8FC-4A91-AA18-CC2DEEC9AA85}.Release|x86.ActiveCfg = Release|x86
		{7DFEF7D9-E8FC-4A91-AA18-CC2DEEC9AA85}.Release|x86.Build.0 = Release|x86
	EndGlobalSection
	GlobalSection(SolutionProperties) = preSolution
		HideSolutionNode = FALSE
	EndGlobalSection
	GlobalSection(ExtensibilityGlobals) = postSolution
		SolutionGuid = {DBCC3983-191C-4872-AD25-BAE31CAECF38}
	EndGlobalSection
EndGlobal
